
Microsoft Visual Studio Solution File, Format Version 12.00
# Visual Studio 15
VisualStudioVersion = 15.0.28010.2026
MinimumVisualStudioVersion = 10.0.40219.1
Project("{9A19103F-16F7-4668-BE54-9A1E7A4F7556}") = "Everis.Polar.Mvc", "src\Mvc\Everis.Polar.Mvc.csproj", "{E82C9F42-8E55-4F5D-B27D-3F82A7EF500C}"
EndProject
Project("{9A19103F-16F7-4668-BE54-9A1E7A4F7556}") = "Everis.Polar.ApiRest", "src\ApiRest\Everis.Polar.ApiRest.csproj", "{9A4922D4-0EB2-48B3-9BA1-47A49268F3DB}"
EndProject
Project("{2150E333-8FDC-42A3-9474-1A3956D46DE8}") = "test", "test", "{4E3508AC-6E4C-440B-9A8D-1072B4642BCA}"
EndProject
Project("{9A19103F-16F7-4668-BE54-9A1E7A4F7556}") = "Everis.Polar.ApiRest.Tests", "test\Everis.Polar.ApiRest.Tests\Everis.Polar.ApiRest.Tests.csproj", "{3AB3AC42-FFFC-4422-BE05-E79EEF2FDECE}"
EndProject
Project("{FAE04EC0-301F-11D3-BF4B-00C04F79EFBC}") = "AplicacionConsola", "AplicacionConsola\AplicacionConsola.csproj", "{04BEA06A-FF5D-44D8-954D-F3A6BBF0D987}"
EndProject
Global
	GlobalSection(SolutionConfigurationPlatforms) = preSolution
		Debug|Any CPU = Debug|Any CPU
		Release|Any CPU = Release|Any CPU
	EndGlobalSection
	GlobalSection(ProjectConfigurationPlatforms) = postSolution
		{E82C9F42-8E55-4F5D-B27D-3F82A7EF500C}.Debug|Any CPU.ActiveCfg = Debug|Any CPU
		{E82C9F42-8E55-4F5D-B27D-3F82A7EF500C}.Debug|Any CPU.Build.0 = Debug|Any CPU
		{E82C9F42-8E55-4F5D-B27D-3F82A7EF500C}.Release|Any CPU.ActiveCfg = Release|Any CPU
		{E82C9F42-8E55-4F5D-B27D-3F82A7EF500C}.Release|Any CPU.Build.0 = Release|Any CPU
		{9A4922D4-0EB2-48B3-9BA1-47A49268F3DB}.Debug|Any CPU.ActiveCfg = Debug|Any CPU
		{9A4922D4-0EB2-48B3-9BA1-47A49268F3DB}.Debug|Any CPU.Build.0 = Debug|Any CPU
		{9A4922D4-0EB2-48B3-9BA1-47A49268F3DB}.Release|Any CPU.ActiveCfg = Release|Any CPU
		{9A4922D4-0EB2-48B3-9BA1-47A49268F3DB}.Release|Any CPU.Build.0 = Release|Any CPU
		{3AB3AC42-FFFC-4422-BE05-E79EEF2FDECE}.Debug|Any CPU.ActiveCfg = Debug|Any CPU
		{3AB3AC42-FFFC-4422-BE05-E79EEF2FDECE}.Debug|Any CPU.Build.0 = Debug|Any CPU
		{3AB3AC42-FFFC-4422-BE05-E79EEF2FDECE}.Release|Any CPU.ActiveCfg = Release|Any CPU
		{3AB3AC42-FFFC-4422-BE05-E79EEF2FDECE}.Release|Any CPU.Build.0 = Release|Any CPU
		{04BEA06A-FF5D-44D8-954D-F3A6BBF0D987}.Debug|Any CPU.ActiveCfg = Debug|Any CPU
		{04BEA06A-FF5D-44D8-954D-F3A6BBF0D987}.Debug|Any CPU.Build.0 = Debug|Any CPU
		{04BEA06A-FF5D-44D8-954D-F3A6BBF0D987}.Release|Any CPU.ActiveCfg = Release|Any CPU
		{04BEA06A-FF5D-44D8-954D-F3A6BBF0D987}.Release|Any CPU.Build.0 = Release|Any CPU
	EndGlobalSection
	GlobalSection(SolutionProperties) = preSolution
		HideSolutionNode = FALSE
	EndGlobalSection
	GlobalSection(NestedProjects) = preSolution
		{3AB3AC42-FFFC-4422-BE05-E79EEF2FDECE} = {4E3508AC-6E4C-440B-9A8D-1072B4642BCA}
	EndGlobalSection
	GlobalSection(ExtensibilityGlobals) = postSolution
		SolutionGuid = {9083EA2B-B4A6-407B-8652-177E95583E51}
	EndGlobalSection
EndGlobal
